{
    "_meta": {
        "hash": {
            "sha256": "f3c0b0655bba75f9120d2cb0d192e9be58e731291fffeeb9442d6a40e610ecd0"
        },
        "pipfile-spec": 6,
        "requires": {
            "python_version": "3.8"
        },
        "sources": [
            {
                "name": "pypi",
                "url": "https://pypi.org/simple",
                "verify_ssl": true
            }
        ]
    },
    "default": {
        "joblib": {
            "hashes": [
                "sha256:091138ed78f800342968c523bdde947e7a305b8594b910a0fea2ab83c3c6d385",
                "sha256:e1cee4a79e4af22881164f218d4311f60074197fb707e082e803b61f6d137018"
            ],
            "index": "pypi",
            "version": "==1.2.0"
        },
        "numpy": {
            "hashes": [
                "sha256:0cfe07133fd00b27edee5e6385e333e9eeb010607e8a46e1cd673f05f8596595",
                "sha256:11a1f3816ea82eed4178102c56281782690ab5993251fdfd75039aad4d20385f",
                "sha256:2762331de395739c91f1abb88041f94a080cb1143aeec791b3b223976228af3f",
                "sha256:283d9de87c0133ef98f93dfc09fad3fb382f2a15580de75c02b5bb36a5a159a5",
                "sha256:3d22662b4b10112c545c91a0741f2436f8ca979ab3d69d03d19322aa970f9695",
                "sha256:41388e32e40b41dd56eb37fcaa7488b2b47b0adf77c66154d6b89622c110dfe9",
                "sha256:42c16cec1c8cf2728f1d539bd55aaa9d6bb48a7de2f41eb944697293ef65a559",
                "sha256:47ee7a839f5885bc0c63a74aabb91f6f40d7d7b639253768c4199b37aede7982",
                "sha256:5a311ee4d983c487a0ab546708edbdd759393a3dc9cd30305170149fedd23c88",
                "sha256:5dc65644f75a4c2970f21394ad8bea1a844104f0fe01f278631be1c7eae27226",
                "sha256:6ed0d073a9c54ac40c41a9c2d53fcc3d4d4ed607670b9e7b0de1ba13b4cbfe6f",
                "sha256:76ba7c40e80f9dc815c5e896330700fd6e20814e69da9c1267d65a4d051080f1",
                "sha256:818b9be7900e8dc23e013a92779135623476f44a0de58b40c32a15368c01d471",
                "sha256:a024181d7aef0004d76fb3bce2a4c9f2e67a609a9e2a6ff2571d30e9976aa383",
                "sha256:a955e4128ac36797aaffd49ab44ec74a71c11d6938df83b1285492d277db5397",
                "sha256:a97a954a8c2f046d3817c2bce16e3c7e9a9c2afffaf0400f5c16df5172a67c9c",
                "sha256:a97e82c39d9856fe7d4f9b86d8a1e66eff99cf3a8b7ba48202f659703d27c46f",
                "sha256:b55b953a1bdb465f4dc181758570d321db4ac23005f90ffd2b434cc6609a63dd",
                "sha256:bb02929b0d6bfab4c48a79bd805bd7419114606947ec8284476167415171f55b",
                "sha256:bece0a4a49e60e472a6d1f70ac6cdea00f9ab80ff01132f96bd970cdd8a9e5a9",
                "sha256:e41e8951749c4b5c9a2dc5fdbc1a4eec6ab2a140fdae9b460b0f557eed870f4d",
                "sha256:f71d57cc8645f14816ae249407d309be250ad8de93ef61d9709b45a0ddf4050c"
            ],
            "index": "pypi",
            "version": "==1.22.0"
        },
        "scikit-learn": {
            "hashes": [
                "sha256:1c8fecb7c9984d9ec2ea48898229f98aad681a0873e0935f2b7f724fbce4a047",
                "sha256:2b8db962360c93554cab7bb3c096c4a24695da394dd4b3c3f13409f409b425bc",
                "sha256:2f46c6e3ff1054a5ec701646dcfd61d43b8ecac4d416014daed8843cf4c33d4d",
                "sha256:3e7d1fc817867a350133f937aaebcafbc06192517cbdf0cf7e5774ad4d1adb9f",
                "sha256:407e9a1cb9e6ba458a539986a9bd25546a757088095b3aab91d465b79a760d37",
                "sha256:567417dbbe6a6278399c3e6daf1654414a5a1a4d818d28f251fa7fc28730a1bf",
                "sha256:589d46f28460469f444b898223b13d99db9463e1038dc581ba698111f612264b",
                "sha256:5ec3ea40d467966821843210c02117d82b097b54276fdcfb50f4dfb5c60dbe39",
                "sha256:6c840f662b5d3377c4ccb8be1fc21bb52cb5d8b8790f8d6bf021739f84e543cf",
                "sha256:76800652fb6d6bf527bce36ecc2cc25738b28fe1a17bd294a218fff8e8bd6d50",
                "sha256:7c22d1305b16f08d57751a4ea36071e2215efb4c09cb79183faa4e8e82a3dbf8",
                "sha256:a682ec0f82b6f30fb07486daed1c8001b6683cc66b51877644dfc532bece6a18",
                "sha256:a90ca42fe8242fd6ff56cda2fecc5fca586a88a24ab602d275d2d0dcc0b928fb",
                "sha256:b1e706deca9b2ad87ae27dafd5ac4e8eff01b6db492ed5c12cef4735ec5f21ea",
                "sha256:bbef6ea1c012ff9f3e6f6e9ca006b8772d8383e177b898091e68fbd9b3f840f9",
                "sha256:c33e16e9a165af6012f5be530ccfbb672e2bc5f9b840238a05eb7f6694304e3f",
                "sha256:d6f232779023c3b060b80b5c82e5823723bc424dcac1d1a148aa2492c54d245d",
                "sha256:f94c0146bad51daef919c402a3da8c1c6162619653e1c00c92baa168fda292f2"
            ],
            "markers": "python_version >= '3.8'",
            "version": "==1.1.2"
        },
        "scipy": {
            "hashes": [
                "sha256:039572f0ca9578a466683558c5bf1e65d442860ec6e13307d528749cfe6d07b8",
                "sha256:058e84930407927f71963a4ad8c1dc96c4d2d075636a68578195648c81f78810",
                "sha256:06b19a650471781056c1a2172eeeeb777b8b516e9434005dd392a4559e0938b9",
                "sha256:35d042d6499caf1a5d171baed0ebf01eb665b7af2ad98a8ff1b0e6e783654540",
                "sha256:57a0f2be3063dbe1e3daf31ec9005576e8fd1022a28159d0db71d14566899d16",
                "sha256:5e0bb43ff581811ab7f27425f6b96c1ddf7591ccad2e486c9af0b910c18f7185",
                "sha256:71742889393a724dfce755b6b61228677873d269a4234e51ddaf08b998433c91",
                "sha256:7908c85854c5b5b6d3ce7fefafac1ca3e23ff9ac41edabc2d46ae5dc9fa070ac",
                "sha256:81859ed3aad620752dd2c07c32b5d3a80a0d47c5e3813904621954a78a0ae899",
                "sha256:8302d69fb1528ea7c7f2a1ea640d354c981b6eb8192d1c175349874209397604",
                "sha256:9323d268775991b79690f7b9a28a4e8b8c4f2b160ed9f8a90123127314e2d3c1",
                "sha256:b4858ccbd88f4b53950fb9fc0069c1d9fea83d7cff2382e1d8b023d3f4883014",
                "sha256:c05c6fe76228cc13c5214e9faf5f2a871a1da54473bc417ab9da310d0e5fff8b",
                "sha256:c06e731aa46c0dfc563cc636155758178ebc019ef78b9b0f4370effe2ac0f0e6",
                "sha256:eb46d8b5947ca27b0bc972cecfba8130f088a83ab3d08c1a6033d9070b3046b3",
                "sha256:fff15df01bef1243468be60c55178ed7576270b200aab08a7ffd5b8e0bbc340c"
            ],
            "index": "pypi",
            "version": "==1.5.1"
        },
        "sklearn": {
            "hashes": [
                "sha256:e23001573aa194b834122d2b9562459bf5ae494a2d59ca6b8aa22c85a44c0e31"
            ],
            "index": "pypi",
            "version": "==0.0"
        },
        "threadpoolctl": {
            "hashes": [
                "sha256:8b99adda265feb6773280df41eece7b2e6561b772d21ffd52e372f999024907b",
                "sha256:a335baacfaa4400ae1f0d8e3a58d6674d2f8828e3716bb2802c44955ad391380"
            ],
            "markers": "python_version >= '3.6'",
            "version": "==3.1.0"
        }
    },
    "develop": {}
}
